
Microsoft Visual Studio Solution File, Format Version 12.00
# Visual Studio 15
VisualStudioVersion = 15.0.26730.16
MinimumVisualStudioVersion = 10.0.40219.1
Project("{D2ABAB84-BF74-430A-B69E-9DC6D40DDA17}") = "Project01", "Project01\Project01.dwproj", "{5310F82B-D063-4A96-A262-6EC22586240A}"
EndProject
Global
	GlobalSection(SolutionConfigurationPlatforms) = preSolution
		Development|Default = Development|Default
	EndGlobalSection
	GlobalSection(ProjectConfigurationPlatforms) = postSolution
		{5310F82B-D063-4A96-A262-6EC22586240A}.Development|Default.ActiveCfg = Development
		{5310F82B-D063-4A96-A262-6EC22586240A}.Development|Default.Build.0 = Development
		{5310F82B-D063-4A96-A262-6EC22586240A}.Development|Default.Deploy.0 = Development
	EndGlobalSection
	GlobalSection(SolutionProperties) = preSolution
		HideSolutionNode = FALSE
	EndGlobalSection
	GlobalSection(ExtensibilityGlobals) = postSolution
		SolutionGuid = {E4E985A0-6083-4C8C-B197-D49284CFE522}
	EndGlobalSection
EndGlobal
